
Microsoft Visual Studio Solution File, Format Version 12.00
# Visual Studio 15
VisualStudioVersion = 15.0.28307.852
MinimumVisualStudioVersion = 10.0.40219.1
Project("{FAE04EC0-301F-11D3-BF4B-00C04F79EFBC}") = "BedsDataLib", "BedsDataLib\BedsDataLib.csproj", "{007AEFAC-4992-4C9E-8C0F-8FB20BE27FEF}"
EndProject
Project("{FAE04EC0-301F-11D3-BF4B-00C04F79EFBC}") = "ICUBedsConfigurationLib", "ICUBedsConfigurationLib\ICUBedsConfigurationLib.csproj", "{F97769EF-EB51-4C2F-8BC0-57ECFE535642}"
EndProject
Project("{FAE04EC0-301F-11D3-BF4B-00C04F79EFBC}") = "MainForChecking", "MainForChecking\MainForChecking.csproj", "{5BF22A66-2D23-4384-921F-BC474CA1FED5}"
EndProject
Project("{FAE04EC0-301F-11D3-BF4B-00C04F79EFBC}") = "PatientInfoLib", "PatientInfoLib\PatientInfoLib.csproj", "{15225033-6352-47CC-ACE8-78631BA59E68}"
EndProject
Project("{FAE04EC0-301F-11D3-BF4B-00C04F79EFBC}") = "BedAllocatorLib", "BedAllocatorLib\BedAllocatorLib.csproj", "{7E2310DE-0E3E-46A2-9F22-76DA3F6D35D6}"
EndProject
Project("{FAE04EC0-301F-11D3-BF4B-00C04F79EFBC}") = "DischargePatientLib", "DischargePatientLib\DischargePatientLib.csproj", "{4D9182EC-C1FD-4836-8B0C-EE9E7DCE611D}"
EndProject
Project("{FAE04EC0-301F-11D3-BF4B-00C04F79EFBC}") = "IPatientRandomVitalsGeneratorContractLib", "IPatientRandomVitalsGeneratorContractLib\IPatientRandomVitalsGeneratorContractLib.csproj", "{1C0DB20B-C065-4CD4-A902-1CFAE5CE174C}"
EndProject
Project("{FAE04EC0-301F-11D3-BF4B-00C04F79EFBC}") = "ICUPatientAlertingSystemWebServices", "ICUPatientAlertingSystemWebServices\ICUPatientAlertingSystemWebServices.csproj", "{52557E3A-08F5-45B9-A265-C8C5DDB4829B}"
EndProject
Project("{FAE04EC0-301F-11D3-BF4B-00C04F79EFBC}") = "DischargePatientLib.Test", "DischargePatientLib.Test\DischargePatientLib.Test.csproj", "{7227DD99-B8E5-4BA1-A3E4-FB2C61A0493D}"
EndProject
Project("{FAE04EC0-301F-11D3-BF4B-00C04F79EFBC}") = "ICUBedsConfigurationLib.Test", "ICUBedsConfigurationLib.Test\ICUBedsConfigurationLib.Test.csproj", "{A3E6CCCD-8A39-4F34-9B1B-3EE54A84065A}"
EndProject
Project("{FAE04EC0-301F-11D3-BF4B-00C04F79EFBC}") = "PatientInfoLib.Test", "PatientInfoLib.Test\PatientInfoLib.Test.csproj", "{A94B9D47-3BD7-46B9-92A1-727ED8143C6B}"
EndProject
Project("{FAE04EC0-301F-11D3-BF4B-00C04F79EFBC}") = "BedsDataLib.Test", "BedsDataLib.Test\BedsDataLib.Test.csproj", "{9D70AF44-DB44-4858-A797-52E89EA09BE4}"
EndProject
Project("{FAE04EC0-301F-11D3-BF4B-00C04F79EFBC}") = "BedAllocatorLib.Test", "BedAllocatorLib.Test\BedAllocatorLib.Test.csproj", "{5AD7E51C-EFAE-4618-AC94-B21D7A44C9EC}"
EndProject
Project("{FAE04EC0-301F-11D3-BF4B-00C04F79EFBC}") = "PatientTempratureRandomGeneratorLib", "PatientTempratureRandomGeneratorLib\PatientTempratureRandomGeneratorLib.csproj", "{12AAC6F4-4B15-4F0D-8338-7B73F4767CAD}"
EndProject
Project("{FAE04EC0-301F-11D3-BF4B-00C04F79EFBC}") = "PatientPulseRateRandomGeneratorLib", "PatientPulseRateRandomGeneratorLib\PatientPulseRateRandomGeneratorLib.csproj", "{6D0E4303-07F0-4174-9B52-3D82EE76163D}"
EndProject
Project("{FAE04EC0-301F-11D3-BF4B-00C04F79EFBC}") = "PatientSpo2RandomGeneratorLib", "PatientSpo2RandomGeneratorLib\PatientSpo2RandomGeneratorLib.csproj", "{A813C0CB-0FA2-446B-8618-339305C28F66}"
EndProject
Project("{FAE04EC0-301F-11D3-BF4B-00C04F79EFBC}") = "IPatientParametersValidatorContractLib", "IPatientParametersValidatorContractLib\IPatientParametersValidatorContractLib.csproj", "{C60E34A2-6127-415A-96D2-6D328E908E81}"
EndProject
Project("{FAE04EC0-301F-11D3-BF4B-00C04F79EFBC}") = "PatientPulseRateValidatorLib", "PatientPulseRateValidatorLib\PatientPulseRateValidatorLib.csproj", "{C920066D-9319-42B9-AE0D-04F634B43804}"
EndProject
Project("{FAE04EC0-301F-11D3-BF4B-00C04F79EFBC}") = "PatientTempratureValidatorLib", "PatientTempratureValidatorLib\PatientTempratureValidatorLib.csproj", "{4310C3F8-BCE2-4D4C-AEFB-450DBD700234}"
EndProject
Project("{FAE04EC0-301F-11D3-BF4B-00C04F79EFBC}") = "PatientSpo2ValidatorLib", "PatientSpo2ValidatorLib\PatientSpo2ValidatorLib.csproj", "{AEE93F02-CA1D-4AF7-B77D-F3A8EE19B2FB}"
EndProject
Project("{FAE04EC0-301F-11D3-BF4B-00C04F79EFBC}") = "PatientVitalsNetCheckerLib", "PatientVitalsNetCheckerLib\PatientVitalsNetCheckerLib.csproj", "{0BF26331-BF5D-44BF-BF45-A9B771735936}"
EndProject
Project("{FAE04EC0-301F-11D3-BF4B-00C04F79EFBC}") = "PatientVitalsProcessorLib", "PatientVitalsProcessorLib\PatientVitalsProcessorLib.csproj", "{6394F52E-2DD2-4285-989A-5D5981BB76B6}"
EndProject
Project("{FAE04EC0-301F-11D3-BF4B-00C04F79EFBC}") = "AlertFinalListStructureLib", "AlertFinalListStructureLib\AlertFinalListStructureLib.csproj", "{3A5F747F-2E61-4A54-B87C-BC27AF10DA5B}"
EndProject
Project("{FAE04EC0-301F-11D3-BF4B-00C04F79EFBC}") = "AlertFinalListStructureLib.Test", "AlertFinalListStructureLib.Test\AlertFinalListStructureLib.Test.csproj", "{4340D43E-AF7B-43A4-A536-D61ABEF976D8}"
EndProject
Project("{FAE04EC0-301F-11D3-BF4B-00C04F79EFBC}") = "PatientPulseRateValidatorLib.Test", "PatientPulseRateValidatorLib.Test\PatientPulseRateValidatorLib.Test.csproj", "{76B4455D-1375-4E47-AFE2-4F7EF6174D54}"
EndProject
Project("{FAE04EC0-301F-11D3-BF4B-00C04F79EFBC}") = "PatientSpo2ValidatorLib.Test", "PatientSpo2ValidatorLib.Test\PatientSpo2ValidatorLib.Test.csproj", "{F816A96E-03CA-40FC-B9FB-B54E76472792}"
EndProject
Project("{FAE04EC0-301F-11D3-BF4B-00C04F79EFBC}") = "PatientTempratureValidatorLib.Test", "..\..\..\..\..\..\..\MS2G3Phase2\MS2-G3-Phase2\ICUPateintAlertingSystem\PatientTempratureValidatorLib.Test\PatientTempratureValidatorLib.Test.csproj", "{02E74E69-B137-415F-B612-885C3D6EECE1}"
EndProject
Project("{FAE04EC0-301F-11D3-BF4B-00C04F79EFBC}") = "PatientVitalsNetCheckerLib.Test", "..\..\..\..\..\..\..\MS2G3Phase2\MS2-G3-Phase2\ICUPateintAlertingSystem\PatientVitalsNetCheckerLib.Test\PatientVitalsNetCheckerLib.Test.csproj", "{EF86F888-CB96-4B85-827D-3B9EEC742C45}"
EndProject
Project("{FAE04EC0-301F-11D3-BF4B-00C04F79EFBC}") = "PatientVitalsProcessorLib.Test", "..\..\..\..\..\..\..\MS2G3Phase2\MS2-G3-Phase2\ICUPateintAlertingSystem\PatientVitalsProcessorLib.Test\PatientVitalsProcessorLib.Test.csproj", "{D0199A97-20FD-44AC-8090-801F376CB8A4}"
EndProject
Global
	GlobalSection(SolutionConfigurationPlatforms) = preSolution
		Debug|Any CPU = Debug|Any CPU
		Release|Any CPU = Release|Any CPU
	EndGlobalSection
	GlobalSection(ProjectConfigurationPlatforms) = postSolution
		{007AEFAC-4992-4C9E-8C0F-8FB20BE27FEF}.Debug|Any CPU.ActiveCfg = Debug|Any CPU
		{007AEFAC-4992-4C9E-8C0F-8FB20BE27FEF}.Debug|Any CPU.Build.0 = Debug|Any CPU
		{007AEFAC-4992-4C9E-8C0F-8FB20BE27FEF}.Release|Any CPU.ActiveCfg = Release|Any CPU
		{007AEFAC-4992-4C9E-8C0F-8FB20BE27FEF}.Release|Any CPU.Build.0 = Release|Any CPU
		{F97769EF-EB51-4C2F-8BC0-57ECFE535642}.Debug|Any CPU.ActiveCfg = Debug|Any CPU
		{F97769EF-EB51-4C2F-8BC0-57ECFE535642}.Debug|Any CPU.Build.0 = Debug|Any CPU
		{F97769EF-EB51-4C2F-8BC0-57ECFE535642}.Release|Any CPU.ActiveCfg = Release|Any CPU
		{F97769EF-EB51-4C2F-8BC0-57ECFE535642}.Release|Any CPU.Build.0 = Release|Any CPU
		{5BF22A66-2D23-4384-921F-BC474CA1FED5}.Debug|Any CPU.ActiveCfg = Debug|Any CPU
		{5BF22A66-2D23-4384-921F-BC474CA1FED5}.Debug|Any CPU.Build.0 = Debug|Any CPU
		{5BF22A66-2D23-4384-921F-BC474CA1FED5}.Release|Any CPU.ActiveCfg = Release|Any CPU
		{5BF22A66-2D23-4384-921F-BC474CA1FED5}.Release|Any CPU.Build.0 = Release|Any CPU
		{15225033-6352-47CC-ACE8-78631BA59E68}.Debug|Any CPU.ActiveCfg = Debug|Any CPU
		{15225033-6352-47CC-ACE8-78631BA59E68}.Debug|Any CPU.Build.0 = Debug|Any CPU
		{15225033-6352-47CC-ACE8-78631BA59E68}.Release|Any CPU.ActiveCfg = Release|Any CPU
		{15225033-6352-47CC-ACE8-78631BA59E68}.Release|Any CPU.Build.0 = Release|Any CPU
		{7E2310DE-0E3E-46A2-9F22-76DA3F6D35D6}.Debug|Any CPU.ActiveCfg = Debug|Any CPU
		{7E2310DE-0E3E-46A2-9F22-76DA3F6D35D6}.Debug|Any CPU.Build.0 = Debug|Any CPU
		{7E2310DE-0E3E-46A2-9F22-76DA3F6D35D6}.Release|Any CPU.ActiveCfg = Release|Any CPU
		{7E2310DE-0E3E-46A2-9F22-76DA3F6D35D6}.Release|Any CPU.Build.0 = Release|Any CPU
		{4D9182EC-C1FD-4836-8B0C-EE9E7DCE611D}.Debug|Any CPU.ActiveCfg = Debug|Any CPU
		{4D9182EC-C1FD-4836-8B0C-EE9E7DCE611D}.Debug|Any CPU.Build.0 = Debug|Any CPU
		{4D9182EC-C1FD-4836-8B0C-EE9E7DCE611D}.Release|Any CPU.ActiveCfg = Release|Any CPU
		{4D9182EC-C1FD-4836-8B0C-EE9E7DCE611D}.Release|Any CPU.Build.0 = Release|Any CPU
		{1C0DB20B-C065-4CD4-A902-1CFAE5CE174C}.Debug|Any CPU.ActiveCfg = Debug|Any CPU
		{1C0DB20B-C065-4CD4-A902-1CFAE5CE174C}.Debug|Any CPU.Build.0 = Debug|Any CPU
		{1C0DB20B-C065-4CD4-A902-1CFAE5CE174C}.Release|Any CPU.ActiveCfg = Release|Any CPU
		{1C0DB20B-C065-4CD4-A902-1CFAE5CE174C}.Release|Any CPU.Build.0 = Release|Any CPU
		{52557E3A-08F5-45B9-A265-C8C5DDB4829B}.Debug|Any CPU.ActiveCfg = Debug|Any CPU
		{52557E3A-08F5-45B9-A265-C8C5DDB4829B}.Debug|Any CPU.Build.0 = Debug|Any CPU
		{52557E3A-08F5-45B9-A265-C8C5DDB4829B}.Release|Any CPU.ActiveCfg = Release|Any CPU
		{52557E3A-08F5-45B9-A265-C8C5DDB4829B}.Release|Any CPU.Build.0 = Release|Any CPU
		{7227DD99-B8E5-4BA1-A3E4-FB2C61A0493D}.Debug|Any CPU.ActiveCfg = Debug|Any CPU
		{7227DD99-B8E5-4BA1-A3E4-FB2C61A0493D}.Debug|Any CPU.Build.0 = Debug|Any CPU
		{7227DD99-B8E5-4BA1-A3E4-FB2C61A0493D}.Release|Any CPU.ActiveCfg = Release|Any CPU
		{7227DD99-B8E5-4BA1-A3E4-FB2C61A0493D}.Release|Any CPU.Build.0 = Release|Any CPU
		{A3E6CCCD-8A39-4F34-9B1B-3EE54A84065A}.Debug|Any CPU.ActiveCfg = Debug|Any CPU
		{A3E6CCCD-8A39-4F34-9B1B-3EE54A84065A}.Debug|Any CPU.Build.0 = Debug|Any CPU
		{A3E6CCCD-8A39-4F34-9B1B-3EE54A84065A}.Release|Any CPU.ActiveCfg = Release|Any CPU
		{A3E6CCCD-8A39-4F34-9B1B-3EE54A84065A}.Release|Any CPU.Build.0 = Release|Any CPU
		{A94B9D47-3BD7-46B9-92A1-727ED8143C6B}.Debug|Any CPU.ActiveCfg = Debug|Any CPU
		{A94B9D47-3BD7-46B9-92A1-727ED8143C6B}.Debug|Any CPU.Build.0 = Debug|Any CPU
		{A94B9D47-3BD7-46B9-92A1-727ED8143C6B}.Release|Any CPU.ActiveCfg = Release|Any CPU
		{A94B9D47-3BD7-46B9-92A1-727ED8143C6B}.Release|Any CPU.Build.0 = Release|Any CPU
		{9D70AF44-DB44-4858-A797-52E89EA09BE4}.Debug|Any CPU.ActiveCfg = Debug|Any CPU
		{9D70AF44-DB44-4858-A797-52E89EA09BE4}.Debug|Any CPU.Build.0 = Debug|Any CPU
		{9D70AF44-DB44-4858-A797-52E89EA09BE4}.Release|Any CPU.ActiveCfg = Release|Any CPU
		{9D70AF44-DB44-4858-A797-52E89EA09BE4}.Release|Any CPU.Build.0 = Release|Any CPU
		{5AD7E51C-EFAE-4618-AC94-B21D7A44C9EC}.Debug|Any CPU.ActiveCfg = Debug|Any CPU
		{5AD7E51C-EFAE-4618-AC94-B21D7A44C9EC}.Debug|Any CPU.Build.0 = Debug|Any CPU
		{5AD7E51C-EFAE-4618-AC94-B21D7A44C9EC}.Release|Any CPU.ActiveCfg = Release|Any CPU
		{5AD7E51C-EFAE-4618-AC94-B21D7A44C9EC}.Release|Any CPU.Build.0 = Release|Any CPU
		{12AAC6F4-4B15-4F0D-8338-7B73F4767CAD}.Debug|Any CPU.ActiveCfg = Debug|Any CPU
		{12AAC6F4-4B15-4F0D-8338-7B73F4767CAD}.Debug|Any CPU.Build.0 = Debug|Any CPU
		{12AAC6F4-4B15-4F0D-8338-7B73F4767CAD}.Release|Any CPU.ActiveCfg = Release|Any CPU
		{12AAC6F4-4B15-4F0D-8338-7B73F4767CAD}.Release|Any CPU.Build.0 = Release|Any CPU
		{6D0E4303-07F0-4174-9B52-3D82EE76163D}.Debug|Any CPU.ActiveCfg = Debug|Any CPU
		{6D0E4303-07F0-4174-9B52-3D82EE76163D}.Debug|Any CPU.Build.0 = Debug|Any CPU
		{6D0E4303-07F0-4174-9B52-3D82EE76163D}.Release|Any CPU.ActiveCfg = Release|Any CPU
		{6D0E4303-07F0-4174-9B52-3D82EE76163D}.Release|Any CPU.Build.0 = Release|Any CPU
		{A813C0CB-0FA2-446B-8618-339305C28F66}.Debug|Any CPU.ActiveCfg = Debug|Any CPU
		{A813C0CB-0FA2-446B-8618-339305C28F66}.Debug|Any CPU.Build.0 = Debug|Any CPU
		{A813C0CB-0FA2-446B-8618-339305C28F66}.Release|Any CPU.ActiveCfg = Release|Any CPU
		{A813C0CB-0FA2-446B-8618-339305C28F66}.Release|Any CPU.Build.0 = Release|Any CPU
		{C60E34A2-6127-415A-96D2-6D328E908E81}.Debug|Any CPU.ActiveCfg = Debug|Any CPU
		{C60E34A2-6127-415A-96D2-6D328E908E81}.Debug|Any CPU.Build.0 = Debug|Any CPU
		{C60E34A2-6127-415A-96D2-6D328E908E81}.Release|Any CPU.ActiveCfg = Release|Any CPU
		{C60E34A2-6127-415A-96D2-6D328E908E81}.Release|Any CPU.Build.0 = Release|Any CPU
		{C920066D-9319-42B9-AE0D-04F634B43804}.Debug|Any CPU.ActiveCfg = Debug|Any CPU
		{C920066D-9319-42B9-AE0D-04F634B43804}.Debug|Any CPU.Build.0 = Debug|Any CPU
		{C920066D-9319-42B9-AE0D-04F634B43804}.Release|Any CPU.ActiveCfg = Release|Any CPU
		{C920066D-9319-42B9-AE0D-04F634B43804}.Release|Any CPU.Build.0 = Release|Any CPU
		{4310C3F8-BCE2-4D4C-AEFB-450DBD700234}.Debug|Any CPU.ActiveCfg = Debug|Any CPU
		{4310C3F8-BCE2-4D4C-AEFB-450DBD700234}.Debug|Any CPU.Build.0 = Debug|Any CPU
		{4310C3F8-BCE2-4D4C-AEFB-450DBD700234}.Release|Any CPU.ActiveCfg = Release|Any CPU
		{4310C3F8-BCE2-4D4C-AEFB-450DBD700234}.Release|Any CPU.Build.0 = Release|Any CPU
		{AEE93F02-CA1D-4AF7-B77D-F3A8EE19B2FB}.Debug|Any CPU.ActiveCfg = Debug|Any CPU
		{AEE93F02-CA1D-4AF7-B77D-F3A8EE19B2FB}.Debug|Any CPU.Build.0 = Debug|Any CPU
		{AEE93F02-CA1D-4AF7-B77D-F3A8EE19B2FB}.Release|Any CPU.ActiveCfg = Release|Any CPU
		{AEE93F02-CA1D-4AF7-B77D-F3A8EE19B2FB}.Release|Any CPU.Build.0 = Release|Any CPU
		{0BF26331-BF5D-44BF-BF45-A9B771735936}.Debug|Any CPU.ActiveCfg = Debug|Any CPU
		{0BF26331-BF5D-44BF-BF45-A9B771735936}.Debug|Any CPU.Build.0 = Debug|Any CPU
		{0BF26331-BF5D-44BF-BF45-A9B771735936}.Release|Any CPU.ActiveCfg = Release|Any CPU
		{0BF26331-BF5D-44BF-BF45-A9B771735936}.Release|Any CPU.Build.0 = Release|Any CPU
		{6394F52E-2DD2-4285-989A-5D5981BB76B6}.Debug|Any CPU.ActiveCfg = Debug|Any CPU
		{6394F52E-2DD2-4285-989A-5D5981BB76B6}.Debug|Any CPU.Build.0 = Debug|Any CPU
		{6394F52E-2DD2-4285-989A-5D5981BB76B6}.Release|Any CPU.ActiveCfg = Release|Any CPU
		{6394F52E-2DD2-4285-989A-5D5981BB76B6}.Release|Any CPU.Build.0 = Release|Any CPU
		{3A5F747F-2E61-4A54-B87C-BC27AF10DA5B}.Debug|Any CPU.ActiveCfg = Debug|Any CPU
		{3A5F747F-2E61-4A54-B87C-BC27AF10DA5B}.Debug|Any CPU.Build.0 = Debug|Any CPU
		{3A5F747F-2E61-4A54-B87C-BC27AF10DA5B}.Release|Any CPU.ActiveCfg = Release|Any CPU
		{3A5F747F-2E61-4A54-B87C-BC27AF10DA5B}.Release|Any CPU.Build.0 = Release|Any CPU
		{4340D43E-AF7B-43A4-A536-D61ABEF976D8}.Debug|Any CPU.ActiveCfg = Debug|Any CPU
		{4340D43E-AF7B-43A4-A536-D61ABEF976D8}.Debug|Any CPU.Build.0 = Debug|Any CPU
		{4340D43E-AF7B-43A4-A536-D61ABEF976D8}.Release|Any CPU.ActiveCfg = Release|Any CPU
		{4340D43E-AF7B-43A4-A536-D61ABEF976D8}.Release|Any CPU.Build.0 = Release|Any CPU
		{76B4455D-1375-4E47-AFE2-4F7EF6174D54}.Debug|Any CPU.ActiveCfg = Debug|Any CPU
		{76B4455D-1375-4E47-AFE2-4F7EF6174D54}.Debug|Any CPU.Build.0 = Debug|Any CPU
		{76B4455D-1375-4E47-AFE2-4F7EF6174D54}.Release|Any CPU.ActiveCfg = Release|Any CPU
		{76B4455D-1375-4E47-AFE2-4F7EF6174D54}.Release|Any CPU.Build.0 = Release|Any CPU
		{F816A96E-03CA-40FC-B9FB-B54E76472792}.Debug|Any CPU.ActiveCfg = Debug|Any CPU
		{F816A96E-03CA-40FC-B9FB-B54E76472792}.Debug|Any CPU.Build.0 = Debug|Any CPU
		{F816A96E-03CA-40FC-B9FB-B54E76472792}.Release|Any CPU.ActiveCfg = Release|Any CPU
		{F816A96E-03CA-40FC-B9FB-B54E76472792}.Release|Any CPU.Build.0 = Release|Any CPU
		{02E74E69-B137-415F-B612-885C3D6EECE1}.Debug|Any CPU.ActiveCfg = Debug|Any CPU
		{02E74E69-B137-415F-B612-885C3D6EECE1}.Debug|Any CPU.Build.0 = Debug|Any CPU
		{02E74E69-B137-415F-B612-885C3D6EECE1}.Release|Any CPU.ActiveCfg = Release|Any CPU
		{02E74E69-B137-415F-B612-885C3D6EECE1}.Release|Any CPU.Build.0 = Release|Any CPU
		{EF86F888-CB96-4B85-827D-3B9EEC742C45}.Debug|Any CPU.ActiveCfg = Debug|Any CPU
		{EF86F888-CB96-4B85-827D-3B9EEC742C45}.Debug|Any CPU.Build.0 = Debug|Any CPU
		{EF86F888-CB96-4B85-827D-3B9EEC742C45}.Release|Any CPU.ActiveCfg = Release|Any CPU
		{EF86F888-CB96-4B85-827D-3B9EEC742C45}.Release|Any CPU.Build.0 = Release|Any CPU
		{D0199A97-20FD-44AC-8090-801F376CB8A4}.Debug|Any CPU.ActiveCfg = Debug|Any CPU
		{D0199A97-20FD-44AC-8090-801F376CB8A4}.Debug|Any CPU.Build.0 = Debug|Any CPU
		{D0199A97-20FD-44AC-8090-801F376CB8A4}.Release|Any CPU.ActiveCfg = Release|Any CPU
		{D0199A97-20FD-44AC-8090-801F376CB8A4}.Release|Any CPU.Build.0 = Release|Any CPU
	EndGlobalSection
	GlobalSection(SolutionProperties) = preSolution
		HideSolutionNode = FALSE
	EndGlobalSection
	GlobalSection(ExtensibilityGlobals) = postSolution
		SolutionGuid = {25A4D218-3AC1-4482-890F-352AFFD6EB93}
	EndGlobalSection
EndGlobal
