
Microsoft Visual Studio Solution File, Format Version 12.00
# Visual Studio 15
VisualStudioVersion = 15.0.28307.779
MinimumVisualStudioVersion = 10.0.40219.1
Project("{FAE04EC0-301F-11D3-BF4B-00C04F79EFBC}") = "ICUPatientMonitorApp", "ICUPatientMonitorApp\ICUPatientMonitorApp.csproj", "{C6E9170E-7F7E-4B92-8ECF-3882359E9147}"
EndProject
Project("{FAE04EC0-301F-11D3-BF4B-00C04F79EFBC}") = "MvvmUtilityLib", "MvvmUtilityLib\MvvmUtilityLib.csproj", "{5F7F3567-14D4-4644-A7E7-2AFC3C50CCC2}"
EndProject
Project("{FAE04EC0-301F-11D3-BF4B-00C04F79EFBC}") = "ICUPatientMonitorModuleLib", "ICUPatientMonitorModuleLib\ICUPatientMonitorModuleLib.csproj", "{4761B24B-39DE-4211-BE4E-60D0EB597027}"
EndProject
Global
	GlobalSection(SolutionConfigurationPlatforms) = preSolution
		Debug|Any CPU = Debug|Any CPU
		Release|Any CPU = Release|Any CPU
	EndGlobalSection
	GlobalSection(ProjectConfigurationPlatforms) = postSolution
		{C6E9170E-7F7E-4B92-8ECF-3882359E9147}.Debug|Any CPU.ActiveCfg = Debug|Any CPU
		{C6E9170E-7F7E-4B92-8ECF-3882359E9147}.Debug|Any CPU.Build.0 = Debug|Any CPU
		{C6E9170E-7F7E-4B92-8ECF-3882359E9147}.Release|Any CPU.ActiveCfg = Release|Any CPU
		{C6E9170E-7F7E-4B92-8ECF-3882359E9147}.Release|Any CPU.Build.0 = Release|Any CPU
		{5F7F3567-14D4-4644-A7E7-2AFC3C50CCC2}.Debug|Any CPU.ActiveCfg = Debug|Any CPU
		{5F7F3567-14D4-4644-A7E7-2AFC3C50CCC2}.Debug|Any CPU.Build.0 = Debug|Any CPU
		{5F7F3567-14D4-4644-A7E7-2AFC3C50CCC2}.Release|Any CPU.ActiveCfg = Release|Any CPU
		{5F7F3567-14D4-4644-A7E7-2AFC3C50CCC2}.Release|Any CPU.Build.0 = Release|Any CPU
		{4761B24B-39DE-4211-BE4E-60D0EB597027}.Debug|Any CPU.ActiveCfg = Debug|Any CPU
		{4761B24B-39DE-4211-BE4E-60D0EB597027}.Debug|Any CPU.Build.0 = Debug|Any CPU
		{4761B24B-39DE-4211-BE4E-60D0EB597027}.Release|Any CPU.ActiveCfg = Release|Any CPU
		{4761B24B-39DE-4211-BE4E-60D0EB597027}.Release|Any CPU.Build.0 = Release|Any CPU
	EndGlobalSection
	GlobalSection(SolutionProperties) = preSolution
		HideSolutionNode = FALSE
	EndGlobalSection
	GlobalSection(ExtensibilityGlobals) = postSolution
		SolutionGuid = {622352C4-3962-4E4D-9247-C19582988EBC}
	EndGlobalSection
EndGlobal
